// !$*UTF8*$!
{
	archiveVersion = 1;
	classes = {
	};
	objectVersion = 46;
	objects = {

/* Begin PBXBuildFile section */
		CE24A3A817C36F7100C96D8E /* main.cpp in Sources */ = {isa = PBXBuildFile; fileRef = CE24A3A717C36F7100C96D8E /* main.cpp */; };
		CE24A3AA17C36F7100C96D8E /* aaa.1 in CopyFiles */ = {isa = PBXBuildFile; fileRef = CE24A3A917C36F7100C96D8E /* aaa.1 */; };
/* End PBXBuildFile section */

/* Begin PBXCopyFilesBuildPhase section */
		CE24A3A217C36F7100C96D8E /* CopyFiles */ = {
			isa = PBXCopyFilesBuildPhase;
			buildActionMask = 2147483647;
			dstPath = /usr/share/man/man1/;
			dstSubfolderSpec = 0;
			files = (
				CE24A3AA17C36F7100C96D8E /* aaa.1 in CopyFiles */,
			);
			runOnlyForDeploymentPostprocessing = 1;
		};
/* End PBXCopyFilesBuildPhase section */

/* Begin PBXFileReference section */
		CE24A3A417C36F7100C96D8E /* aaa */ = {isa = PBXFileReference; explicitFileType = "compiled.mach-o.executable"; includeInIndex = 0; path = aaa; sourceTree = BUILT_PRODUCTS_DIR; };
		CE24A3A717C36F7100C96D8E /* main.cpp */ = {isa = PBXFileReference; lastKnownFileType = sourcecode.cpp.cpp; path = main.cpp; sourceTree = "<group>"; };
		CE24A3A917C36F7100C96D8E /* aaa.1 */ = {isa = PBXFileReference; lastKnownFileType = text.man; path = aaa.1; sourceTree = "<group>"; };
/* End PBXFileReference section */

/* Begin PBXFrameworksBuildPhase section */
		CE24A3A117C36F7100C96D8E /* Frameworks */ = {
			isa = PBXFrameworksBuildPhase;
			buildActionMask = 2147483647;
			files = (
			);
			runOnlyForDeploymentPostprocessing = 0;
		};
/* End PBXFrameworksBuildPhase section */

/* Begin PBXGroup section */
		CE24A39B17C36F7100C96D8E = {
			isa = PBXGroup;
			children = (
				CE24A3A617C36F7100C96D8E /* aaa */,
				CE24A3A517C36F7100C96D8E /* Products */,
			);
			sourceTree = "<group>";
		};
		CE24A3A517C36F7100C96D8E /* Products */ = {
			isa = PBXGroup;
			children = (
				CE24A3A417C36F7100C96D8E /* aaa */,
			);
			name = Products;
			sourceTree = "<group>";
		};
		CE24A3A617C36F7100C96D8E /* aaa */ = {
			isa = PBXGroup;
			children = (
				CE24A3A717C36F7100C96D8E /* main.cpp */,
				CE24A3A917C36F7100C96D8E /* aaa.1 */,
			);
			path = aaa;
			sourceTree = "<group>";
		};
/* End PBXGroup section */

/* Begin PBXNativeTarget section */
		CE24A3A317C36F7100C96D8E /* aaa */ = {
			isa = PBXNativeTarget;
			buildConfigurationList = CE24A3AD17C36F7200C96D8E /* Build configuration list for PBXNativeTarget "aaa" */;
			buildPhases = (
				CE24A3A017C36F7100C96D8E /* Sources */,
				CE24A3A117C36F7100C96D8E /* Frameworks */,
				CE24A3A217C36F7100C96D8E /* CopyFiles */,
			);
			buildRules = (
			);
			dependencies = (
			);
			name = aaa;
			productName = aaa;
			productReference = CE24A3A417C36F7100C96D8E /* aaa */;
			productType = "com.apple.product-type.tool";
		};
/* End PBXNativeTarget section */

/* Begin PBXProject section */
		CE24A39C17C36F7100C96D8E /* Project object */ = {
			isa = PBXProject;
			attributes = {
				LastUpgradeCheck = 0460;
				ORGANIZATIONNAME = user;
			};
			buildConfigurationList = CE24A39F17C36F7100C96D8E /* Build configuration list for PBXProject "aaa" */;
			compatibilityVersion = "Xcode 3.2";
			developmentRegion = English;
			hasScannedForEncodings = 0;
			knownRegions = (
				en,
			);
			mainGroup = CE24A39B17C36F7100C96D8E;
			productRefGroup = CE24A3A517C36F7100C96D8E /* Products */;
			projectDirPath = "";
			projectRoot = "";
			targets = (
				CE24A3A317C36F7100C96D8E /* aaa */,
			);
		};
/* End PBXProject section */

/* Begin PBXSourcesBuildPhase section */
		CE24A3A017C36F7100C96D8E /* Sources */ = {
			isa = PBXSourcesBuildPhase;
			buildActionMask = 2147483647;
			files = (
				CE24A3A817C36F7100C96D8E /* main.cpp in Sources */,
			);
			runOnlyForDeploymentPostprocessing = 0;
		};
/* End PBXSourcesBuildPhase section */

/* Begin XCBuildConfiguration section */
		CE24A3AB17C36F7100C96D8E /* Debug */ = {
			isa = XCBuildConfiguration;
			buildSettings = {
				ALWAYS_SEARCH_USER_PATHS = NO;
				ARCHS = "$(ARCHS_STANDARD_64_BIT)";
				CLANG_CXX_LANGUAGE_STANDARD = "gnu++0x";
				CLANG_CXX_LIBRARY = "libc++";
				CLANG_WARN_CONSTANT_CONVERSION = YES;
				CLANG_WARN_EMPTY_BODY = YES;
				CLANG_WARN_ENUM_CONVERSION = YES;
				CLANG_WARN_INT_CONVERSION = YES;
				CLANG_WARN__DUPLICATE_METHOD_MATCH = YES;
				COPY_PHASE_STRIP = NO;
				GCC_C_LANGUAGE_STANDARD = gnu99;
				GCC_DYNAMIC_NO_PIC = NO;
				GCC_ENABLE_OBJC_EXCEPTIONS = YES;
				GCC_OPTIMIZATION_LEVEL = 0;
				GCC_PREPROCESSOR_DEFINITIONS = (
					"DEBUG=1",
					"$(inherited)",
				);
				GCC_SYMBOLS_PRIVATE_EXTERN = NO;
				GCC_WARN_64_TO_32_BIT_CONVERSION = YES;
				GCC_WARN_ABOUT_RETURN_TYPE = YES;
				GCC_WARN_UNINITIALIZED_AUTOS = YES;
				GCC_WARN_UNUSED_VARIABLE = YES;
				MACOSX_DEPLOYMENT_TARGET = 10.8;
				ONLY_ACTIVE_ARCH = YES;
				SDKROOT = macosx;
			};
			name = Debug;
		};
		CE24A3AC17C36F7100C96D8E /* Release */ = {
			isa = XCBuildConfiguration;
			buildSettings = {
				ALWAYS_SEARCH_USER_PATHS = NO;
				ARCHS = "$(ARCHS_STANDARD_64_BIT)";
				CLANG_CXX_LANGUAGE_STANDARD = "gnu++0x";
				CLANG_CXX_LIBRARY = "libc++";
				CLANG_WARN_CONSTANT_CONVERSION = YES;
				CLANG_WARN_EMPTY_BODY = YES;
				CLANG_WARN_ENUM_CONVERSION = YES;
				CLANG_WARN_INT_CONVERSION = YES;
				CLANG_WARN__DUPLICATE_METHOD_MATCH = YES;
				COPY_PHASE_STRIP = YES;
				DEBUG_INFORMATION_FORMAT = "dwarf-with-dsym";
				GCC_C_LANGUAGE_STANDARD = gnu99;
				GCC_ENABLE_OBJC_EXCEPTIONS = YES;
				GCC_WARN_64_TO_32_BIT_CONVERSION = YES;
				GCC_WARN_ABOUT_RETURN_TYPE = YES;
				GCC_WARN_UNINITIALIZED_AUTOS = YES;
				GCC_WARN_UNUSED_VARIABLE = YES;
				MACOSX_DEPLOYMENT_TARGET = 10.8;
				SDKROOT = macosx;
			};
			name = Release;
		};
		CE24A3AE17C36F7200C96D8E /* Debug */ = {
			isa = XCBuildConfiguration;
			buildSettings = {
				PRODUCT_NAME = "$(TARGET_NAME)";
			};
			name = Debug;
		};
		CE24A3AF17C36F7200C96D8E /* Release */ = {
			isa = XCBuildConfiguration;
			buildSettings = {
				PRODUCT_NAME = "$(TARGET_NAME)";
			};
			name = Release;
		};
/* End XCBuildConfiguration section */

/* Begin XCConfigurationList section */
		CE24A39F17C36F7100C96D8E /* Build configuration list for PBXProject "aaa" */ = {
			isa = XCConfigurationList;
			buildConfigurations = (
				CE24A3AB17C36F7100C96D8E /* Debug */,
				CE24A3AC17C36F7100C96D8E /* Release */,
			);
			defaultConfigurationIsVisible = 0;
			defaultConfigurationName = Release;
		};
		CE24A3AD17C36F7200C96D8E /* Build configuration list for PBXNativeTarget "aaa" */ = {
			isa = XCConfigurationList;
			buildConfigurations = (
				CE24A3AE17C36F7200C96D8E /* Debug */,
				CE24A3AF17C36F7200C96D8E /* Release */,
			);
			defaultConfigurationIsVisible = 0;
		};
/* End XCConfigurationList section */
	};
	rootObject = CE24A39C17C36F7100C96D8E /* Project object */;
}
